
Microsoft Visual Studio Solution File, Format Version 12.00
# Visual Studio Version 17
VisualStudioVersion = 17.9.34607.119
MinimumVisualStudioVersion = 10.0.40219.1
Project("{FAE04EC0-301F-11D3-BF4B-00C04F79EFBC}") = "WebApplication14(2)", "WebApplication14(2)\WebApplication14(2).csproj", "{EDB61E8D-2C98-4C60-935D-307A15EF79DC}"
EndProject
Global
	GlobalSection(SolutionConfigurationPlatforms) = preSolution
		Debug|Any CPU = Debug|Any CPU
		Release|Any CPU = Release|Any CPU
	EndGlobalSection
	GlobalSection(ProjectConfigurationPlatforms) = postSolution
		{EDB61E8D-2C98-4C60-935D-307A15EF79DC}.Debug|Any CPU.ActiveCfg = Debug|Any CPU
		{EDB61E8D-2C98-4C60-935D-307A15EF79DC}.Debug|Any CPU.Build.0 = Debug|Any CPU
		{EDB61E8D-2C98-4C60-935D-307A15EF79DC}.Release|Any CPU.ActiveCfg = Release|Any CPU
		{EDB61E8D-2C98-4C60-935D-307A15EF79DC}.Release|Any CPU.Build.0 = Release|Any CPU
	EndGlobalSection
	GlobalSection(SolutionProperties) = preSolution
		HideSolutionNode = FALSE
	EndGlobalSection
	GlobalSection(ExtensibilityGlobals) = postSolution
		SolutionGuid = {98FDB761-CB95-454E-B5FE-BEC309A068EB}
	EndGlobalSection
EndGlobal
